// !$*UTF8*$!
{
	archiveVersion = 1;
	classes = {
	};
	objectVersion = 46;
	objects = {

/* Begin PBXBuildFile section */
		392140AA3F842CE8FD174343 /* libPods-BuDeJie.a in Frameworks */ = {isa = PBXBuildFile; fileRef = D73154C7FBBFCE7CC1160111 /* libPods-BuDeJie.a */; };
		B81F84B71E4085E4002CB823 /* DLEssenceViewController.m in Sources */ = {isa = PBXBuildFile; fileRef = B81F84B61E4085E4002CB823 /* DLEssenceViewController.m */; };
		B81F84BA1E40860B002CB823 /* DLNewViewController.m in Sources */ = {isa = PBXBuildFile; fileRef = B81F84B91E40860B002CB823 /* DLNewViewController.m */; };
		B81F84BD1E408627002CB823 /* DLPublishViewController.m in Sources */ = {isa = PBXBuildFile; fileRef = B81F84BC1E408627002CB823 /* DLPublishViewController.m */; };
		B81F84C01E40864B002CB823 /* DLFriendTrendViewController.m in Sources */ = {isa = PBXBuildFile; fileRef = B81F84BF1E40864B002CB823 /* DLFriendTrendViewController.m */; };
		B81F84C31E408687002CB823 /* DLMeTableViewController.m in Sources */ = {isa = PBXBuildFile; fileRef = B81F84C21E408687002CB823 /* DLMeTableViewController.m */; };
		B84C6B731E4EEDED0006ECA3 /* DLWebViewController.m in Sources */ = {isa = PBXBuildFile; fileRef = B84C6B711E4EEDED0006ECA3 /* DLWebViewController.m */; };
		B84C6B741E4EEDED0006ECA3 /* DLWebViewController.xib in Resources */ = {isa = PBXBuildFile; fileRef = B84C6B721E4EEDED0006ECA3 /* DLWebViewController.xib */; };
		B84C6B791E4F1B500006ECA3 /* DLFileTool.m in Sources */ = {isa = PBXBuildFile; fileRef = B84C6B781E4F1B500006ECA3 /* DLFileTool.m */; };
		B86865841E59CC6800BAC6CB /* DLTitleButton.m in Sources */ = {isa = PBXBuildFile; fileRef = B86865831E59CC6800BAC6CB /* DLTitleButton.m */; };
		B87588F01E5BCD00006CE391 /* DLTopicItem.m in Sources */ = {isa = PBXBuildFile; fileRef = B87588EF1E5BCD00006CE391 /* DLTopicItem.m */; };
		B87588F31E5BDC6D006CE391 /* DLTopicCell.m in Sources */ = {isa = PBXBuildFile; fileRef = B87588F21E5BDC6D006CE391 /* DLTopicCell.m */; };
		B875890D1E5C3058006CE391 /* DLTopicCell.xib in Resources */ = {isa = PBXBuildFile; fileRef = B875890C1E5C3058006CE391 /* DLTopicCell.xib */; };
		B888C0521E4183F100FFEFF0 /* UIImage+Image.m in Sources */ = {isa = PBXBuildFile; fileRef = B888C0511E4183F100FFEFF0 /* UIImage+Image.m */; };
		B888C0591E41882800FFEFF0 /* DLTabBarController.m in Sources */ = {isa = PBXBuildFile; fileRef = B888C0581E41882800FFEFF0 /* DLTabBarController.m */; };
		B888C05C1E41F6F200FFEFF0 /* DLTabBar.m in Sources */ = {isa = PBXBuildFile; fileRef = B888C05B1E41F6F200FFEFF0 /* DLTabBar.m */; };
		B888C0601E4206AE00FFEFF0 /* UIView+Frame.m in Sources */ = {isa = PBXBuildFile; fileRef = B888C05F1E4206AE00FFEFF0 /* UIView+Frame.m */; };
		B888C0631E4211CD00FFEFF0 /* UIBarButtonItem+Item.m in Sources */ = {isa = PBXBuildFile; fileRef = B888C0621E4211CD00FFEFF0 /* UIBarButtonItem+Item.m */; };
		B888C0661E4218EB00FFEFF0 /* DLNavigationController.m in Sources */ = {isa = PBXBuildFile; fileRef = B888C0651E4218EB00FFEFF0 /* DLNavigationController.m */; };
		B888C06D1E421C4500FFEFF0 /* DLSettingViewController.m in Sources */ = {isa = PBXBuildFile; fileRef = B888C06C1E421C4500FFEFF0 /* DLSettingViewController.m */; };
		B8A1869B1E46FF66005CA154 /* DLMeTableViewController.storyboard in Resources */ = {isa = PBXBuildFile; fileRef = B8A1869A1E46FF66005CA154 /* DLMeTableViewController.storyboard */; };
		B8A1869F1E47068E005CA154 /* DLSquareCollectionViewCell.m in Sources */ = {isa = PBXBuildFile; fileRef = B8A1869D1E47068E005CA154 /* DLSquareCollectionViewCell.m */; };
		B8A186A01E47068E005CA154 /* DLSquareCollectionViewCell.xib in Resources */ = {isa = PBXBuildFile; fileRef = B8A1869E1E47068E005CA154 /* DLSquareCollectionViewCell.xib */; };
		B8A186A31E470C87005CA154 /* DLSquareItem.m in Sources */ = {isa = PBXBuildFile; fileRef = B8A186A21E470C87005CA154 /* DLSquareItem.m */; };
		B8A67D061E42C99E00E4A708 /* DLAdViewController.m in Sources */ = {isa = PBXBuildFile; fileRef = B8A67D051E42C99E00E4A708 /* DLAdViewController.m */; };
		B8A67D0F1E42D15A00E4A708 /* LaunchImage-568h@2x.png in Resources */ = {isa = PBXBuildFile; fileRef = B8A67D081E42D15A00E4A708 /* LaunchImage-568h@2x.png */; };
		B8A67D101E42D15A00E4A708 /* LaunchImage-700-568h@2x.png in Resources */ = {isa = PBXBuildFile; fileRef = B8A67D091E42D15A00E4A708 /* LaunchImage-700-568h@2x.png */; };
		B8A67D111E42D15A00E4A708 /* LaunchImage-700@2x.png in Resources */ = {isa = PBXBuildFile; fileRef = B8A67D0A1E42D15A00E4A708 /* LaunchImage-700@2x.png */; };
		B8A67D121E42D15A00E4A708 /* LaunchImage-800-667h@2x.png in Resources */ = {isa = PBXBuildFile; fileRef = B8A67D0B1E42D15A00E4A708 /* LaunchImage-800-667h@2x.png */; };
		B8A67D131E42D15A00E4A708 /* LaunchImage-800-Portrait-736h@3x.png in Resources */ = {isa = PBXBuildFile; fileRef = B8A67D0C1E42D15A00E4A708 /* LaunchImage-800-Portrait-736h@3x.png */; };
		B8A67D141E42D15A00E4A708 /* LaunchImage.png in Resources */ = {isa = PBXBuildFile; fileRef = B8A67D0D1E42D15A00E4A708 /* LaunchImage.png */; };
		B8A67D151E42D15A00E4A708 /* LaunchImage@2x.png in Resources */ = {isa = PBXBuildFile; fileRef = B8A67D0E1E42D15A00E4A708 /* LaunchImage@2x.png */; };
		B8B8B8DF1E5A7579006A8EEC /* DLAllTableViewController.m in Sources */ = {isa = PBXBuildFile; fileRef = B8B8B8DE1E5A7579006A8EEC /* DLAllTableViewController.m */; };
		B8B8B8E21E5A7595006A8EEC /* DLVideoTableViewController.m in Sources */ = {isa = PBXBuildFile; fileRef = B8B8B8E11E5A7595006A8EEC /* DLVideoTableViewController.m */; };
		B8B8B8E51E5A75A7006A8EEC /* DLVoiceTableViewController.m in Sources */ = {isa = PBXBuildFile; fileRef = B8B8B8E41E5A75A7006A8EEC /* DLVoiceTableViewController.m */; };
		B8B8B8E81E5A75B6006A8EEC /* DLPictureTableViewController.m in Sources */ = {isa = PBXBuildFile; fileRef = B8B8B8E71E5A75B6006A8EEC /* DLPictureTableViewController.m */; };
		B8B8B8EB1E5A75C4006A8EEC /* DLWordTableViewController.m in Sources */ = {isa = PBXBuildFile; fileRef = B8B8B8EA1E5A75C4006A8EEC /* DLWordTableViewController.m */; };
		B8B8B8EE1E5A7BB8006A8EEC /* DLConst.m in Sources */ = {isa = PBXBuildFile; fileRef = B8B8B8ED1E5A7BB8006A8EEC /* DLConst.m */; };
		B8BE94141E4042EA0025065E /* Main.storyboard in Resources */ = {isa = PBXBuildFile; fileRef = B8BE94121E4042EA0025065E /* Main.storyboard */; };
		B8BE94161E4042EA0025065E /* Assets.xcassets in Resources */ = {isa = PBXBuildFile; fileRef = B8BE94151E4042EA0025065E /* Assets.xcassets */; };
		B8BE94191E4042EA0025065E /* LaunchScreen.storyboard in Resources */ = {isa = PBXBuildFile; fileRef = B8BE94171E4042EA0025065E /* LaunchScreen.storyboard */; };
		B8BE94241E4042EA0025065E /* BuDeJieTests.m in Sources */ = {isa = PBXBuildFile; fileRef = B8BE94231E4042EA0025065E /* BuDeJieTests.m */; };
		B8BE942F1E4042EA0025065E /* BuDeJieUITests.m in Sources */ = {isa = PBXBuildFile; fileRef = B8BE942E1E4042EA0025065E /* BuDeJieUITests.m */; };
		B8C10D781E42EA750098C577 /* DLAdItem.m in Sources */ = {isa = PBXBuildFile; fileRef = B8C10D771E42EA750098C577 /* DLAdItem.m */; };
		B8D199AB1E45C8000066EF55 /* DLLoginRegisterViewController.m in Sources */ = {isa = PBXBuildFile; fileRef = B8D199A91E45C8000066EF55 /* DLLoginRegisterViewController.m */; };
		B8D199AC1E45C8000066EF55 /* DLLoginRegisterViewController.xib in Resources */ = {isa = PBXBuildFile; fileRef = B8D199AA1E45C8000066EF55 /* DLLoginRegisterViewController.xib */; };
		B8D199AF1E45CFFA0066EF55 /* DLLoginRegisterView.m in Sources */ = {isa = PBXBuildFile; fileRef = B8D199AE1E45CFFA0066EF55 /* DLLoginRegisterView.m */; };
		B8D199B11E45D02B0066EF55 /* DLLoginRegisterView.xib in Resources */ = {isa = PBXBuildFile; fileRef = B8D199B01E45D02B0066EF55 /* DLLoginRegisterView.xib */; };
		B8D199B41E45DE940066EF55 /* DLFastLoginView.m in Sources */ = {isa = PBXBuildFile; fileRef = B8D199B31E45DE940066EF55 /* DLFastLoginView.m */; };
		B8D199B61E45DEAC0066EF55 /* DLFastLoginView.xib in Resources */ = {isa = PBXBuildFile; fileRef = B8D199B51E45DEAC0066EF55 /* DLFastLoginView.xib */; };
		B8D199B91E45E0290066EF55 /* DLFastLoginButton.m in Sources */ = {isa = PBXBuildFile; fileRef = B8D199B81E45E0290066EF55 /* DLFastLoginButton.m */; };
		B8D199BC1E46082F0066EF55 /* DLLoginTextField.m in Sources */ = {isa = PBXBuildFile; fileRef = B8D199BB1E46082F0066EF55 /* DLLoginTextField.m */; };
		B8E58E511E5E6A0400EA5888 /* DLTopicVideoView.m in Sources */ = {isa = PBXBuildFile; fileRef = B8E58E501E5E6A0400EA5888 /* DLTopicVideoView.m */; };
		B8E58E531E5E6A1800EA5888 /* DLTopicVideoView.xib in Resources */ = {isa = PBXBuildFile; fileRef = B8E58E521E5E6A1800EA5888 /* DLTopicVideoView.xib */; };
		B8E58E561E5E6AA500EA5888 /* DLTopicVoiceView.m in Sources */ = {isa = PBXBuildFile; fileRef = B8E58E551E5E6AA500EA5888 /* DLTopicVoiceView.m */; };
		B8E58E581E5E6AB500EA5888 /* DLTopicVoiceView.xib in Resources */ = {isa = PBXBuildFile; fileRef = B8E58E571E5E6AB500EA5888 /* DLTopicVoiceView.xib */; };
		B8E58E5B1E5E6AD700EA5888 /* DLTopicPictureView.m in Sources */ = {isa = PBXBuildFile; fileRef = B8E58E5A1E5E6AD700EA5888 /* DLTopicPictureView.m */; };
		B8E58E5D1E5E6AE000EA5888 /* DLTopicPictureView.xib in Resources */ = {isa = PBXBuildFile; fileRef = B8E58E5C1E5E6ADF00EA5888 /* DLTopicPictureView.xib */; };
		B8E58E601E5E877100EA5888 /* UIImageView+Download.m in Sources */ = {isa = PBXBuildFile; fileRef = B8E58E5F1E5E877100EA5888 /* UIImageView+Download.m */; };
		B8E58E641E5ECA1900EA5888 /* DLSeeBigPictureViewController.m in Sources */ = {isa = PBXBuildFile; fileRef = B8E58E621E5ECA1900EA5888 /* DLSeeBigPictureViewController.m */; };
		B8E58E651E5ECA1900EA5888 /* DLSeeBigPictureViewController.xib in Resources */ = {isa = PBXBuildFile; fileRef = B8E58E631E5ECA1900EA5888 /* DLSeeBigPictureViewController.xib */; };
		B8EB9D721E448DB700E23B6A /* DLSubTagViewController.m in Sources */ = {isa = PBXBuildFile; fileRef = B8EB9D711E448DB700E23B6A /* DLSubTagViewController.m */; };
		B8EB9D761E448F0800E23B6A /* DLSubTagCell.m in Sources */ = {isa = PBXBuildFile; fileRef = B8EB9D741E448F0800E23B6A /* DLSubTagCell.m */; };
		B8EB9D771E448F0800E23B6A /* DLSubTagCell.xib in Resources */ = {isa = PBXBuildFile; fileRef = B8EB9D751E448F0800E23B6A /* DLSubTagCell.xib */; };
		B8EB9D7A1E449E5300E23B6A /* DLSubTagItem.m in Sources */ = {isa = PBXBuildFile; fileRef = B8EB9D791E449E5300E23B6A /* DLSubTagItem.m */; };
		B8EB9D7C1E44AFE300E23B6A /* DLFriendTrendViewController.xib in Resources */ = {isa = PBXBuildFile; fileRef = B8EB9D7B1E44AFE300E23B6A /* DLFriendTrendViewController.xib */; };
		B8FFD3C31E407D9B00774227 /* AppDelegate.m in Sources */ = {isa = PBXBuildFile; fileRef = B8FFD3BB1E407D9B00774227 /* AppDelegate.m */; };
		B8FFD3C41E407D9B00774227 /* main.m in Sources */ = {isa = PBXBuildFile; fileRef = B8FFD3BC1E407D9B00774227 /* main.m */; };
/* End PBXBuildFile section */

/* Begin PBXContainerItemProxy section */
		B8BE94201E4042EA0025065E /* PBXContainerItemProxy */ = {
			isa = PBXContainerItemProxy;
			containerPortal = B8BE93FE1E4042EA0025065E /* Project object */;
			proxyType = 1;
			remoteGlobalIDString = B8BE94051E4042EA0025065E;
			remoteInfo = BuDeJie;
		};
		B8BE942B1E4042EA0025065E /* PBXContainerItemProxy */ = {
			isa = PBXContainerItemProxy;
			containerPortal = B8BE93FE1E4042EA0025065E /* Project object */;
			proxyType = 1;
			remoteGlobalIDString = B8BE94051E4042EA0025065E;
			remoteInfo = BuDeJie;
		};
/* End PBXContainerItemProxy section */

/* Begin PBXFileReference section */
		ADA4D24D1854D44CBF0A24DA /* Pods-BuDeJie.debug.xcconfig */ = {isa = PBXFileReference; includeInIndex = 1; lastKnownFileType = text.xcconfig; name = "Pods-BuDeJie.debug.xcconfig"; path = "Pods/Target Support Files/Pods-BuDeJie/Pods-BuDeJie.debug.xcconfig"; sourceTree = "<group>"; };
		B81F84B51E4085E4002CB823 /* DLEssenceViewController.h */ = {isa = PBXFileReference; fileEncoding = 4; lastKnownFileType = sourcecode.c.h; path = DLEssenceViewController.h; sourceTree = "<group>"; };
		B81F84B61E4085E4002CB823 /* DLEssenceViewController.m */ = {isa = PBXFileReference; fileEncoding = 4; lastKnownFileType = sourcecode.c.objc; path = DLEssenceViewController.m; sourceTree = "<group>"; };
		B81F84B81E40860B002CB823 /* DLNewViewController.h */ = {isa = PBXFileReference; fileEncoding = 4; lastKnownFileType = sourcecode.c.h; path = DLNewViewController.h; sourceTree = "<group>"; };
		B81F84B91E40860B002CB823 /* DLNewViewController.m */ = {isa = PBXFileReference; fileEncoding = 4; lastKnownFileType = sourcecode.c.objc; path = DLNewViewController.m; sourceTree = "<group>"; };
		B81F84BB1E408627002CB823 /* DLPublishViewController.h */ = {isa = PBXFileReference; fileEncoding = 4; lastKnownFileType = sourcecode.c.h; path = DLPublishViewController.h; sourceTree = "<group>"; };
		B81F84BC1E408627002CB823 /* DLPublishViewController.m */ = {isa = PBXFileReference; fileEncoding = 4; lastKnownFileType = sourcecode.c.objc; path = DLPublishViewController.m; sourceTree = "<group>"; };
		B81F84BE1E40864B002CB823 /* DLFriendTrendViewController.h */ = {isa = PBXFileReference; fileEncoding = 4; lastKnownFileType = sourcecode.c.h; path = DLFriendTrendViewController.h; sourceTree = "<group>"; };
		B81F84BF1E40864B002CB823 /* DLFriendTrendViewController.m */ = {isa = PBXFileReference; fileEncoding = 4; lastKnownFileType = sourcecode.c.objc; path = DLFriendTrendViewController.m; sourceTree = "<group>"; };
		B81F84C11E408687002CB823 /* DLMeTableViewController.h */ = {isa = PBXFileReference; fileEncoding = 4; lastKnownFileType = sourcecode.c.h; path = DLMeTableViewController.h; sourceTree = "<group>"; };
		B81F84C21E408687002CB823 /* DLMeTableViewController.m */ = {isa = PBXFileReference; fileEncoding = 4; lastKnownFileType = sourcecode.c.objc; path = DLMeTableViewController.m; sourceTree = "<group>"; };
		B84C6B701E4EEDED0006ECA3 /* DLWebViewController.h */ = {isa = PBXFileReference; fileEncoding = 4; lastKnownFileType = sourcecode.c.h; path = DLWebViewController.h; sourceTree = "<group>"; };
		B84C6B711E4EEDED0006ECA3 /* DLWebViewController.m */ = {isa = PBXFileReference; fileEncoding = 4; lastKnownFileType = sourcecode.c.objc; path = DLWebViewController.m; sourceTree = "<group>"; };
		B84C6B721E4EEDED0006ECA3 /* DLWebViewController.xib */ = {isa = PBXFileReference; fileEncoding = 4; lastKnownFileType = file.xib; path = DLWebViewController.xib; sourceTree = "<group>"; };
		B84C6B771E4F1B500006ECA3 /* DLFileTool.h */ = {isa = PBXFileReference; fileEncoding = 4; lastKnownFileType = sourcecode.c.h; path = DLFileTool.h; sourceTree = "<group>"; };
		B84C6B781E4F1B500006ECA3 /* DLFileTool.m */ = {isa = PBXFileReference; fileEncoding = 4; lastKnownFileType = sourcecode.c.objc; path = DLFileTool.m; sourceTree = "<group>"; };
		B86865821E59CC6800BAC6CB /* DLTitleButton.h */ = {isa = PBXFileReference; fileEncoding = 4; lastKnownFileType = sourcecode.c.h; path = DLTitleButton.h; sourceTree = "<group>"; };
		B86865831E59CC6800BAC6CB /* DLTitleButton.m */ = {isa = PBXFileReference; fileEncoding = 4; lastKnownFileType = sourcecode.c.objc; path = DLTitleButton.m; sourceTree = "<group>"; };
		B87588EE1E5BCD00006CE391 /* DLTopicItem.h */ = {isa = PBXFileReference; fileEncoding = 4; lastKnownFileType = sourcecode.c.h; path = DLTopicItem.h; sourceTree = "<group>"; };
		B87588EF1E5BCD00006CE391 /* DLTopicItem.m */ = {isa = PBXFileReference; fileEncoding = 4; lastKnownFileType = sourcecode.c.objc; path = DLTopicItem.m; sourceTree = "<group>"; };
		B87588F11E5BDC6D006CE391 /* DLTopicCell.h */ = {isa = PBXFileReference; fileEncoding = 4; lastKnownFileType = sourcecode.c.h; path = DLTopicCell.h; sourceTree = "<group>"; };
		B87588F21E5BDC6D006CE391 /* DLTopicCell.m */ = {isa = PBXFileReference; fileEncoding = 4; lastKnownFileType = sourcecode.c.objc; path = DLTopicCell.m; sourceTree = "<group>"; };
		B875890C1E5C3058006CE391 /* DLTopicCell.xib */ = {isa = PBXFileReference; fileEncoding = 4; lastKnownFileType = file.xib; path = DLTopicCell.xib; sourceTree = "<group>"; };
		B888C0501E4183F100FFEFF0 /* UIImage+Image.h */ = {isa = PBXFileReference; fileEncoding = 4; lastKnownFileType = sourcecode.c.h; path = "UIImage+Image.h"; sourceTree = "<group>"; };
		B888C0511E4183F100FFEFF0 /* UIImage+Image.m */ = {isa = PBXFileReference; fileEncoding = 4; lastKnownFileType = sourcecode.c.objc; path = "UIImage+Image.m"; sourceTree = "<group>"; };
		B888C0571E41882800FFEFF0 /* DLTabBarController.h */ = {isa = PBXFileReference; fileEncoding = 4; lastKnownFileType = sourcecode.c.h; path = DLTabBarController.h; sourceTree = "<group>"; };
		B888C0581E41882800FFEFF0 /* DLTabBarController.m */ = {isa = PBXFileReference; fileEncoding = 4; lastKnownFileType = sourcecode.c.objc; path = DLTabBarController.m; sourceTree = "<group>"; };
		B888C05A1E41F6F200FFEFF0 /* DLTabBar.h */ = {isa = PBXFileReference; fileEncoding = 4; lastKnownFileType = sourcecode.c.h; path = DLTabBar.h; sourceTree = "<group>"; };
		B888C05B1E41F6F200FFEFF0 /* DLTabBar.m */ = {isa = PBXFileReference; fileEncoding = 4; lastKnownFileType = sourcecode.c.objc; path = DLTabBar.m; sourceTree = "<group>"; };
		B888C05D1E42035D00FFEFF0 /* BuDeJie.pch */ = {isa = PBXFileReference; lastKnownFileType = sourcecode.c.h; path = BuDeJie.pch; sourceTree = "<group>"; };
		B888C05E1E4206AE00FFEFF0 /* UIView+Frame.h */ = {isa = PBXFileReference; fileEncoding = 4; lastKnownFileType = sourcecode.c.h; path = "UIView+Frame.h"; sourceTree = "<group>"; };
		B888C05F1E4206AE00FFEFF0 /* UIView+Frame.m */ = {isa = PBXFileReference; fileEncoding = 4; lastKnownFileType = sourcecode.c.objc; path = "UIView+Frame.m"; sourceTree = "<group>"; };
		B888C0611E4211CD00FFEFF0 /* UIBarButtonItem+Item.h */ = {isa = PBXFileReference; fileEncoding = 4; lastKnownFileType = sourcecode.c.h; path = "UIBarButtonItem+Item.h"; sourceTree = "<group>"; };
		B888C0621E4211CD00FFEFF0 /* UIBarButtonItem+Item.m */ = {isa = PBXFileReference; fileEncoding = 4; lastKnownFileType = sourcecode.c.objc; path = "UIBarButtonItem+Item.m"; sourceTree = "<group>"; };
		B888C0641E4218EB00FFEFF0 /* DLNavigationController.h */ = {isa = PBXFileReference; fileEncoding = 4; lastKnownFileType = sourcecode.c.h; path = DLNavigationController.h; sourceTree = "<group>"; };
		B888C0651E4218EB00FFEFF0 /* DLNavigationController.m */ = {isa = PBXFileReference; fileEncoding = 4; lastKnownFileType = sourcecode.c.objc; path = DLNavigationController.m; sourceTree = "<group>"; };
		B888C06B1E421C4500FFEFF0 /* DLSettingViewController.h */ = {isa = PBXFileReference; fileEncoding = 4; lastKnownFileType = sourcecode.c.h; path = DLSettingViewController.h; sourceTree = "<group>"; };
		B888C06C1E421C4500FFEFF0 /* DLSettingViewController.m */ = {isa = PBXFileReference; fileEncoding = 4; lastKnownFileType = sourcecode.c.objc; path = DLSettingViewController.m; sourceTree = "<group>"; };
		B8A1869A1E46FF66005CA154 /* DLMeTableViewController.storyboard */ = {isa = PBXFileReference; fileEncoding = 4; lastKnownFileType = file.storyboard; path = DLMeTableViewController.storyboard; sourceTree = "<group>"; };
		B8A1869C1E47068D005CA154 /* DLSquareCollectionViewCell.h */ = {isa = PBXFileReference; fileEncoding = 4; lastKnownFileType = sourcecode.c.h; path = DLSquareCollectionViewCell.h; sourceTree = "<group>"; };
		B8A1869D1E47068E005CA154 /* DLSquareCollectionViewCell.m */ = {isa = PBXFileReference; fileEncoding = 4; lastKnownFileType = sourcecode.c.objc; path = DLSquareCollectionViewCell.m; sourceTree = "<group>"; };
		B8A1869E1E47068E005CA154 /* DLSquareCollectionViewCell.xib */ = {isa = PBXFileReference; fileEncoding = 4; lastKnownFileType = file.xib; path = DLSquareCollectionViewCell.xib; sourceTree = "<group>"; };
		B8A186A11E470C87005CA154 /* DLSquareItem.h */ = {isa = PBXFileReference; fileEncoding = 4; lastKnownFileType = sourcecode.c.h; path = DLSquareItem.h; sourceTree = "<group>"; };
		B8A186A21E470C87005CA154 /* DLSquareItem.m */ = {isa = PBXFileReference; fileEncoding = 4; lastKnownFileType = sourcecode.c.objc; path = DLSquareItem.m; sourceTree = "<group>"; };
		B8A67D041E42C99E00E4A708 /* DLAdViewController.h */ = {isa = PBXFileReference; fileEncoding = 4; lastKnownFileType = sourcecode.c.h; path = DLAdViewController.h; sourceTree = "<group>"; };
		B8A67D051E42C99E00E4A708 /* DLAdViewController.m */ = {isa = PBXFileReference; fileEncoding = 4; lastKnownFileType = sourcecode.c.objc; path = DLAdViewController.m; sourceTree = "<group>"; };
		B8A67D081E42D15A00E4A708 /* LaunchImage-568h@2x.png */ = {isa = PBXFileReference; lastKnownFileType = image.png; path = "LaunchImage-568h@2x.png"; sourceTree = "<group>"; };
		B8A67D091E42D15A00E4A708 /* LaunchImage-700-568h@2x.png */ = {isa = PBXFileReference; lastKnownFileType = image.png; path = "LaunchImage-700-568h@2x.png"; sourceTree = "<group>"; };
		B8A67D0A1E42D15A00E4A708 /* LaunchImage-700@2x.png */ = {isa = PBXFileReference; lastKnownFileType = image.png; path = "LaunchImage-700@2x.png"; sourceTree = "<group>"; };
		B8A67D0B1E42D15A00E4A708 /* LaunchImage-800-667h@2x.png */ = {isa = PBXFileReference; lastKnownFileType = image.png; path = "LaunchImage-800-667h@2x.png"; sourceTree = "<group>"; };
		B8A67D0C1E42D15A00E4A708 /* LaunchImage-800-Portrait-736h@3x.png */ = {isa = PBXFileReference; lastKnownFileType = image.png; path = "LaunchImage-800-Portrait-736h@3x.png"; sourceTree = "<group>"; };
		B8A67D0D1E42D15A00E4A708 /* LaunchImage.png */ = {isa = PBXFileReference; lastKnownFileType = image.png; path = LaunchImage.png; sourceTree = "<group>"; };
		B8A67D0E1E42D15A00E4A708 /* LaunchImage@2x.png */ = {isa = PBXFileReference; lastKnownFileType = image.png; path = "LaunchImage@2x.png"; sourceTree = "<group>"; };
		B8B8B8DD1E5A7579006A8EEC /* DLAllTableViewController.h */ = {isa = PBXFileReference; fileEncoding = 4; lastKnownFileType = sourcecode.c.h; path = DLAllTableViewController.h; sourceTree = "<group>"; };
		B8B8B8DE1E5A7579006A8EEC /* DLAllTableViewController.m */ = {isa = PBXFileReference; fileEncoding = 4; lastKnownFileType = sourcecode.c.objc; path = DLAllTableViewController.m; sourceTree = "<group>"; };
		B8B8B8E01E5A7595006A8EEC /* DLVideoTableViewController.h */ = {isa = PBXFileReference; fileEncoding = 4; lastKnownFileType = sourcecode.c.h; path = DLVideoTableViewController.h; sourceTree = "<group>"; };
		B8B8B8E11E5A7595006A8EEC /* DLVideoTableViewController.m */ = {isa = PBXFileReference; fileEncoding = 4; lastKnownFileType = sourcecode.c.objc; path = DLVideoTableViewController.m; sourceTree = "<group>"; };
		B8B8B8E31E5A75A7006A8EEC /* DLVoiceTableViewController.h */ = {isa = PBXFileReference; fileEncoding = 4; lastKnownFileType = sourcecode.c.h; path = DLVoiceTableViewController.h; sourceTree = "<group>"; };
		B8B8B8E41E5A75A7006A8EEC /* DLVoiceTableViewController.m */ = {isa = PBXFileReference; fileEncoding = 4; lastKnownFileType = sourcecode.c.objc; path = DLVoiceTableViewController.m; sourceTree = "<group>"; };
		B8B8B8E61E5A75B6006A8EEC /* DLPictureTableViewController.h */ = {isa = PBXFileReference; fileEncoding = 4; lastKnownFileType = sourcecode.c.h; path = DLPictureTableViewController.h; sourceTree = "<group>"; };
		B8B8B8E71E5A75B6006A8EEC /* DLPictureTableViewController.m */ = {isa = PBXFileReference; fileEncoding = 4; lastKnownFileType = sourcecode.c.objc; path = DLPictureTableViewController.m; sourceTree = "<group>"; };
		B8B8B8E91E5A75C4006A8EEC /* DLWordTableViewController.h */ = {isa = PBXFileReference; fileEncoding = 4; lastKnownFileType = sourcecode.c.h; path = DLWordTableViewController.h; sourceTree = "<group>"; };
		B8B8B8EA1E5A75C4006A8EEC /* DLWordTableViewController.m */ = {isa = PBXFileReference; fileEncoding = 4; lastKnownFileType = sourcecode.c.objc; path = DLWordTableViewController.m; sourceTree = "<group>"; };
		B8B8B8EC1E5A7BB8006A8EEC /* DLConst.h */ = {isa = PBXFileReference; fileEncoding = 4; lastKnownFileType = sourcecode.c.h; path = DLConst.h; sourceTree = "<group>"; };
		B8B8B8ED1E5A7BB8006A8EEC /* DLConst.m */ = {isa = PBXFileReference; fileEncoding = 4; lastKnownFileType = sourcecode.c.objc; path = DLConst.m; sourceTree = "<group>"; };
		B8BE94061E4042EA0025065E /* BuDeJie.app */ = {isa = PBXFileReference; explicitFileType = wrapper.application; includeInIndex = 0; path = BuDeJie.app; sourceTree = BUILT_PRODUCTS_DIR; };
		B8BE94131E4042EA0025065E /* Base */ = {isa = PBXFileReference; lastKnownFileType = file.storyboard; name = Base; path = Base.lproj/Main.storyboard; sourceTree = "<group>"; };
		B8BE94151E4042EA0025065E /* Assets.xcassets */ = {isa = PBXFileReference; lastKnownFileType = folder.assetcatalog; path = Assets.xcassets; sourceTree = "<group>"; };
		B8BE94181E4042EA0025065E /* Base */ = {isa = PBXFileReference; lastKnownFileType = file.storyboard; name = Base; path = Base.lproj/LaunchScreen.storyboard; sourceTree = "<group>"; };
		B8BE941A1E4042EA0025065E /* Info.plist */ = {isa = PBXFileReference; lastKnownFileType = text.plist.xml; path = Info.plist; sourceTree = "<group>"; };
		B8BE941F1E4042EA0025065E /* BuDeJieTests.xctest */ = {isa = PBXFileReference; explicitFileType = wrapper.cfbundle; includeInIndex = 0; path = BuDeJieTests.xctest; sourceTree = BUILT_PRODUCTS_DIR; };
		B8BE94231E4042EA0025065E /* BuDeJieTests.m */ = {isa = PBXFileReference; lastKnownFileType = sourcecode.c.objc; path = BuDeJieTests.m; sourceTree = "<group>"; };
		B8BE94251E4042EA0025065E /* Info.plist */ = {isa = PBXFileReference; lastKnownFileType = text.plist.xml; path = Info.plist; sourceTree = "<group>"; };
		B8BE942A1E4042EA0025065E /* BuDeJieUITests.xctest */ = {isa = PBXFileReference; explicitFileType = wrapper.cfbundle; includeInIndex = 0; path = BuDeJieUITests.xctest; sourceTree = BUILT_PRODUCTS_DIR; };
		B8BE942E1E4042EA0025065E /* BuDeJieUITests.m */ = {isa = PBXFileReference; lastKnownFileType = sourcecode.c.objc; path = BuDeJieUITests.m; sourceTree = "<group>"; };
		B8BE94301E4042EA0025065E /* Info.plist */ = {isa = PBXFileReference; lastKnownFileType = text.plist.xml; path = Info.plist; sourceTree = "<group>"; };
		B8C10D761E42EA750098C577 /* DLAdItem.h */ = {isa = PBXFileReference; fileEncoding = 4; lastKnownFileType = sourcecode.c.h; path = DLAdItem.h; sourceTree = "<group>"; };
		B8C10D771E42EA750098C577 /* DLAdItem.m */ = {isa = PBXFileReference; fileEncoding = 4; lastKnownFileType = sourcecode.c.objc; path = DLAdItem.m; sourceTree = "<group>"; };
		B8D199A81E45C8000066EF55 /* DLLoginRegisterViewController.h */ = {isa = PBXFileReference; fileEncoding = 4; lastKnownFileType = sourcecode.c.h; path = DLLoginRegisterViewController.h; sourceTree = "<group>"; };
		B8D199A91E45C8000066EF55 /* DLLoginRegisterViewController.m */ = {isa = PBXFileReference; fileEncoding = 4; lastKnownFileType = sourcecode.c.objc; path = DLLoginRegisterViewController.m; sourceTree = "<group>"; };
		B8D199AA1E45C8000066EF55 /* DLLoginRegisterViewController.xib */ = {isa = PBXFileReference; fileEncoding = 4; lastKnownFileType = file.xib; path = DLLoginRegisterViewController.xib; sourceTree = "<group>"; };
		B8D199AD1E45CFFA0066EF55 /* DLLoginRegisterView.h */ = {isa = PBXFileReference; fileEncoding = 4; lastKnownFileType = sourcecode.c.h; path = DLLoginRegisterView.h; sourceTree = "<group>"; };
		B8D199AE1E45CFFA0066EF55 /* DLLoginRegisterView.m */ = {isa = PBXFileReference; fileEncoding = 4; lastKnownFileType = sourcecode.c.objc; path = DLLoginRegisterView.m; sourceTree = "<group>"; };
		B8D199B01E45D02B0066EF55 /* DLLoginRegisterView.xib */ = {isa = PBXFileReference; fileEncoding = 4; lastKnownFileType = file.xib; path = DLLoginRegisterView.xib; sourceTree = "<group>"; };
		B8D199B21E45DE940066EF55 /* DLFastLoginView.h */ = {isa = PBXFileReference; fileEncoding = 4; lastKnownFileType = sourcecode.c.h; path = DLFastLoginView.h; sourceTree = "<group>"; };
		B8D199B31E45DE940066EF55 /* DLFastLoginView.m */ = {isa = PBXFileReference; fileEncoding = 4; lastKnownFileType = sourcecode.c.objc; path = DLFastLoginView.m; sourceTree = "<group>"; };
		B8D199B51E45DEAC0066EF55 /* DLFastLoginView.xib */ = {isa = PBXFileReference; fileEncoding = 4; lastKnownFileType = file.xib; path = DLFastLoginView.xib; sourceTree = "<group>"; };
		B8D199B71E45E0290066EF55 /* DLFastLoginButton.h */ = {isa = PBXFileReference; fileEncoding = 4; lastKnownFileType = sourcecode.c.h; path = DLFastLoginButton.h; sourceTree = "<group>"; };
		B8D199B81E45E0290066EF55 /* DLFastLoginButton.m */ = {isa = PBXFileReference; fileEncoding = 4; lastKnownFileType = sourcecode.c.objc; path = DLFastLoginButton.m; sourceTree = "<group>"; };
		B8D199BA1E46082F0066EF55 /* DLLoginTextField.h */ = {isa = PBXFileReference; fileEncoding = 4; lastKnownFileType = sourcecode.c.h; path = DLLoginTextField.h; sourceTree = "<group>"; };
		B8D199BB1E46082F0066EF55 /* DLLoginTextField.m */ = {isa = PBXFileReference; fileEncoding = 4; lastKnownFileType = sourcecode.c.objc; path = DLLoginTextField.m; sourceTree = "<group>"; };
		B8E58E4F1E5E6A0400EA5888 /* DLTopicVideoView.h */ = {isa = PBXFileReference; fileEncoding = 4; lastKnownFileType = sourcecode.c.h; path = DLTopicVideoView.h; sourceTree = "<group>"; };
		B8E58E501E5E6A0400EA5888 /* DLTopicVideoView.m */ = {isa = PBXFileReference; fileEncoding = 4; lastKnownFileType = sourcecode.c.objc; path = DLTopicVideoView.m; sourceTree = "<group>"; };
		B8E58E521E5E6A1800EA5888 /* DLTopicVideoView.xib */ = {isa = PBXFileReference; fileEncoding = 4; lastKnownFileType = file.xib; path = DLTopicVideoView.xib; sourceTree = "<group>"; };
		B8E58E541E5E6AA500EA5888 /* DLTopicVoiceView.h */ = {isa = PBXFileReference; fileEncoding = 4; lastKnownFileType = sourcecode.c.h; path = DLTopicVoiceView.h; sourceTree = "<group>"; };
		B8E58E551E5E6AA500EA5888 /* DLTopicVoiceView.m */ = {isa = PBXFileReference; fileEncoding = 4; lastKnownFileType = sourcecode.c.objc; path = DLTopicVoiceView.m; sourceTree = "<group>"; };
		B8E58E571E5E6AB500EA5888 /* DLTopicVoiceView.xib */ = {isa = PBXFileReference; fileEncoding = 4; lastKnownFileType = file.xib; path = DLTopicVoiceView.xib; sourceTree = "<group>"; };
		B8E58E591E5E6AD700EA5888 /* DLTopicPictureView.h */ = {isa = PBXFileReference; fileEncoding = 4; lastKnownFileType = sourcecode.c.h; path = DLTopicPictureView.h; sourceTree = "<group>"; };
		B8E58E5A1E5E6AD700EA5888 /* DLTopicPictureView.m */ = {isa = PBXFileReference; fileEncoding = 4; lastKnownFileType = sourcecode.c.objc; path = DLTopicPictureView.m; sourceTree = "<group>"; };
		B8E58E5C1E5E6ADF00EA5888 /* DLTopicPictureView.xib */ = {isa = PBXFileReference; fileEncoding = 4; lastKnownFileType = file.xib; path = DLTopicPictureView.xib; sourceTree = "<group>"; };
		B8E58E5E1E5E877100EA5888 /* UIImageView+Download.h */ = {isa = PBXFileReference; fileEncoding = 4; lastKnownFileType = sourcecode.c.h; path = "UIImageView+Download.h"; sourceTree = "<group>"; };
		B8E58E5F1E5E877100EA5888 /* UIImageView+Download.m */ = {isa = PBXFileReference; fileEncoding = 4; lastKnownFileType = sourcecode.c.objc; path = "UIImageView+Download.m"; sourceTree = "<group>"; };
		B8E58E611E5ECA1900EA5888 /* DLSeeBigPictureViewController.h */ = {isa = PBXFileReference; fileEncoding = 4; lastKnownFileType = sourcecode.c.h; path = DLSeeBigPictureViewController.h; sourceTree = "<group>"; };
		B8E58E621E5ECA1900EA5888 /* DLSeeBigPictureViewController.m */ = {isa = PBXFileReference; fileEncoding = 4; lastKnownFileType = sourcecode.c.objc; path = DLSeeBigPictureViewController.m; sourceTree = "<group>"; };
		B8E58E631E5ECA1900EA5888 /* DLSeeBigPictureViewController.xib */ = {isa = PBXFileReference; fileEncoding = 4; lastKnownFileType = file.xib; path = DLSeeBigPictureViewController.xib; sourceTree = "<group>"; };
		B8EB9D701E448DB700E23B6A /* DLSubTagViewController.h */ = {isa = PBXFileReference; fileEncoding = 4; lastKnownFileType = sourcecode.c.h; path = DLSubTagViewController.h; sourceTree = "<group>"; };
		B8EB9D711E448DB700E23B6A /* DLSubTagViewController.m */ = {isa = PBXFileReference; fileEncoding = 4; lastKnownFileType = sourcecode.c.objc; path = DLSubTagViewController.m; sourceTree = "<group>"; };
		B8EB9D731E448F0800E23B6A /* DLSubTagCell.h */ = {isa = PBXFileReference; fileEncoding = 4; lastKnownFileType = sourcecode.c.h; path = DLSubTagCell.h; sourceTree = "<group>"; };
		B8EB9D741E448F0800E23B6A /* DLSubTagCell.m */ = {isa = PBXFileReference; fileEncoding = 4; lastKnownFileType = sourcecode.c.objc; path = DLSubTagCell.m; sourceTree = "<group>"; };
		B8EB9D751E448F0800E23B6A /* DLSubTagCell.xib */ = {isa = PBXFileReference; fileEncoding = 4; lastKnownFileType = file.xib; path = DLSubTagCell.xib; sourceTree = "<group>"; };
		B8EB9D781E449E5300E23B6A /* DLSubTagItem.h */ = {isa = PBXFileReference; fileEncoding = 4; lastKnownFileType = sourcecode.c.h; path = DLSubTagItem.h; sourceTree = "<group>"; };
		B8EB9D791E449E5300E23B6A /* DLSubTagItem.m */ = {isa = PBXFileReference; fileEncoding = 4; lastKnownFileType = sourcecode.c.objc; path = DLSubTagItem.m; sourceTree = "<group>"; };
		B8EB9D7B1E44AFE300E23B6A /* DLFriendTrendViewController.xib */ = {isa = PBXFileReference; fileEncoding = 4; lastKnownFileType = file.xib; path = DLFriendTrendViewController.xib; sourceTree = "<group>"; };
		B8FFD3BA1E407D9B00774227 /* AppDelegate.h */ = {isa = PBXFileReference; fileEncoding = 4; lastKnownFileType = sourcecode.c.h; path = AppDelegate.h; sourceTree = "<group>"; };
		B8FFD3BB1E407D9B00774227 /* AppDelegate.m */ = {isa = PBXFileReference; fileEncoding = 4; lastKnownFileType = sourcecode.c.objc; path = AppDelegate.m; sourceTree = "<group>"; };
		B8FFD3BC1E407D9B00774227 /* main.m */ = {isa = PBXFileReference; fileEncoding = 4; lastKnownFileType = sourcecode.c.objc; path = main.m; sourceTree = "<group>"; };
		CF7CE131E78EE7A11B3ACFA2 /* Pods-BuDeJie.release.xcconfig */ = {isa = PBXFileReference; includeInIndex = 1; lastKnownFileType = text.xcconfig; name = "Pods-BuDeJie.release.xcconfig"; path = "Pods/Target Support Files/Pods-BuDeJie/Pods-BuDeJie.release.xcconfig"; sourceTree = "<group>"; };
		D73154C7FBBFCE7CC1160111 /* libPods-BuDeJie.a */ = {isa = PBXFileReference; explicitFileType = archive.ar; includeInIndex = 0; path = "libPods-BuDeJie.a"; sourceTree = BUILT_PRODUCTS_DIR; };
/* End PBXFileReference section */

/* Begin PBXFrameworksBuildPhase section */
		B8BE94031E4042EA0025065E /* Frameworks */ = {
			isa = PBXFrameworksBuildPhase;
			buildActionMask = 2147483647;
			files = (
				392140AA3F842CE8FD174343 /* libPods-BuDeJie.a in Frameworks */,
			);
			runOnlyForDeploymentPostprocessing = 0;
		};
		B8BE941C1E4042EA0025065E /* Frameworks */ = {
			isa = PBXFrameworksBuildPhase;
			buildActionMask = 2147483647;
			files = (
			);
			runOnlyForDeploymentPostprocessing = 0;
		};
		B8BE94271E4042EA0025065E /* Frameworks */ = {
			isa = PBXFrameworksBuildPhase;
			buildActionMask = 2147483647;
			files = (
			);
			runOnlyForDeploymentPostprocessing = 0;
		};
/* End PBXFrameworksBuildPhase section */

/* Begin PBXGroup section */
		69476D2693BCD73012E0AB0B /* Pods */ = {
			isa = PBXGroup;
			children = (
				ADA4D24D1854D44CBF0A24DA /* Pods-BuDeJie.debug.xcconfig */,
				CF7CE131E78EE7A11B3ACFA2 /* Pods-BuDeJie.release.xcconfig */,
			);
			name = Pods;
			sourceTree = "<group>";
		};
		B84C6B751E4F1B3A0006ECA3 /* Tool */ = {
			isa = PBXGroup;
			children = (
				B84C6B761E4F1B3A0006ECA3 /* File */,
			);
			path = Tool;
			sourceTree = "<group>";
		};
		B84C6B761E4F1B3A0006ECA3 /* File */ = {
			isa = PBXGroup;
			children = (
				B84C6B771E4F1B500006ECA3 /* DLFileTool.h */,
				B84C6B781E4F1B500006ECA3 /* DLFileTool.m */,
			);
			path = File;
			sourceTree = "<group>";
		};
		B888C04F1E4183C800FFEFF0 /* Category */ = {
			isa = PBXGroup;
			children = (
				B888C0501E4183F100FFEFF0 /* UIImage+Image.h */,
				B888C0511E4183F100FFEFF0 /* UIImage+Image.m */,
				B888C05E1E4206AE00FFEFF0 /* UIView+Frame.h */,
				B888C05F1E4206AE00FFEFF0 /* UIView+Frame.m */,
				B888C0611E4211CD00FFEFF0 /* UIBarButtonItem+Item.h */,
				B888C0621E4211CD00FFEFF0 /* UIBarButtonItem+Item.m */,
				B8E58E5E1E5E877100EA5888 /* UIImageView+Download.h */,
				B8E58E5F1E5E877100EA5888 /* UIImageView+Download.m */,
			);
			path = Category;
			sourceTree = "<group>";
		};
		B888C0531E4187D500FFEFF0 /* Main(主要) */ = {
			isa = PBXGroup;
			children = (
				B888C0541E4187FE00FFEFF0 /* Controller */,
				B888C0551E4187FE00FFEFF0 /* Model */,
				B888C0561E4187FE00FFEFF0 /* View */,
			);
			path = "Main(主要)";
			sourceTree = "<group>";
		};
		B888C0541E4187FE00FFEFF0 /* Controller */ = {
			isa = PBXGroup;
			children = (
				B888C0571E41882800FFEFF0 /* DLTabBarController.h */,
				B888C0581E41882800FFEFF0 /* DLTabBarController.m */,
				B888C0641E4218EB00FFEFF0 /* DLNavigationController.h */,
				B888C0651E4218EB00FFEFF0 /* DLNavigationController.m */,
			);
			path = Controller;
			sourceTree = "<group>";
		};
		B888C0551E4187FE00FFEFF0 /* Model */ = {
			isa = PBXGroup;
			children = (
			);
			path = Model;
			sourceTree = "<group>";
		};
		B888C0561E4187FE00FFEFF0 /* View */ = {
			isa = PBXGroup;
			children = (
				B888C05A1E41F6F200FFEFF0 /* DLTabBar.h */,
				B888C05B1E41F6F200FFEFF0 /* DLTabBar.m */,
			);
			path = View;
			sourceTree = "<group>";
		};
		B888C0671E421BEE00FFEFF0 /* Setting(设置) */ = {
			isa = PBXGroup;
			children = (
				B888C0681E421C1800FFEFF0 /* Controller */,
				B888C0691E421C1800FFEFF0 /* Model */,
				B888C06A1E421C1800FFEFF0 /* View */,
			);
			path = "Setting(设置)";
			sourceTree = "<group>";
		};
		B888C0681E421C1800FFEFF0 /* Controller */ = {
			isa = PBXGroup;
			children = (
				B888C06B1E421C4500FFEFF0 /* DLSettingViewController.h */,
				B888C06C1E421C4500FFEFF0 /* DLSettingViewController.m */,
			);
			path = Controller;
			sourceTree = "<group>";
		};
		B888C0691E421C1800FFEFF0 /* Model */ = {
			isa = PBXGroup;
			children = (
			);
			path = Model;
			sourceTree = "<group>";
		};
		B888C06A1E421C1800FFEFF0 /* View */ = {
			isa = PBXGroup;
			children = (
			);
			path = View;
			sourceTree = "<group>";
		};
		B8A67D001E42C94700E4A708 /* Ad(广告) */ = {
			isa = PBXGroup;
			children = (
				B8A67D011E42C94700E4A708 /* Controller */,
				B8A67D021E42C94700E4A708 /* Model */,
				B8A67D031E42C94700E4A708 /* View */,
			);
			path = "Ad(广告)";
			sourceTree = "<group>";
		};
		B8A67D011E42C94700E4A708 /* Controller */ = {
			isa = PBXGroup;
			children = (
				B8A67D041E42C99E00E4A708 /* DLAdViewController.h */,
				B8A67D051E42C99E00E4A708 /* DLAdViewController.m */,
			);
			path = Controller;
			sourceTree = "<group>";
		};
		B8A67D021E42C94700E4A708 /* Model */ = {
			isa = PBXGroup;
			children = (
				B8C10D761E42EA750098C577 /* DLAdItem.h */,
				B8C10D771E42EA750098C577 /* DLAdItem.m */,
			);
			path = Model;
			sourceTree = "<group>";
		};
		B8A67D031E42C94700E4A708 /* View */ = {
			isa = PBXGroup;
			children = (
			);
			path = View;
			sourceTree = "<group>";
		};
		B8A67D071E42D15A00E4A708 /* 启动图片 */ = {
			isa = PBXGroup;
			children = (
				B8A67D081E42D15A00E4A708 /* LaunchImage-568h@2x.png */,
				B8A67D091E42D15A00E4A708 /* LaunchImage-700-568h@2x.png */,
				B8A67D0A1E42D15A00E4A708 /* LaunchImage-700@2x.png */,
				B8A67D0B1E42D15A00E4A708 /* LaunchImage-800-667h@2x.png */,
				B8A67D0C1E42D15A00E4A708 /* LaunchImage-800-Portrait-736h@3x.png */,
				B8A67D0D1E42D15A00E4A708 /* LaunchImage.png */,
				B8A67D0E1E42D15A00E4A708 /* LaunchImage@2x.png */,
			);
			path = "启动图片";
			sourceTree = "<group>";
		};
		B8BE93FD1E4042EA0025065E = {
			isa = PBXGroup;
			children = (
				B8BE94081E4042EA0025065E /* BuDeJie */,
				B8BE94221E4042EA0025065E /* BuDeJieTests */,
				B8BE942D1E4042EA0025065E /* BuDeJieUITests */,
				B8BE94071E4042EA0025065E /* Products */,
				69476D2693BCD73012E0AB0B /* Pods */,
				D43DED1F536FBCCC99B30425 /* Frameworks */,
			);
			sourceTree = "<group>";
		};
		B8BE94071E4042EA0025065E /* Products */ = {
			isa = PBXGroup;
			children = (
				B8BE94061E4042EA0025065E /* BuDeJie.app */,
				B8BE941F1E4042EA0025065E /* BuDeJieTests.xctest */,
				B8BE942A1E4042EA0025065E /* BuDeJieUITests.xctest */,
			);
			name = Products;
			sourceTree = "<group>";
		};
		B8BE94081E4042EA0025065E /* BuDeJie */ = {
			isa = PBXGroup;
			children = (
				B8FFD3A81E407D9B00774227 /* Classes */,
				B8BE94121E4042EA0025065E /* Main.storyboard */,
				B8BE94151E4042EA0025065E /* Assets.xcassets */,
				B8BE94171E4042EA0025065E /* LaunchScreen.storyboard */,
				B8BE941A1E4042EA0025065E /* Info.plist */,
				B8BE94091E4042EA0025065E /* Supporting Files */,
			);
			path = BuDeJie;
			sourceTree = "<group>";
		};
		B8BE94091E4042EA0025065E /* Supporting Files */ = {
			isa = PBXGroup;
			children = (
				B8A67D071E42D15A00E4A708 /* 启动图片 */,
			);
			name = "Supporting Files";
			sourceTree = "<group>";
		};
		B8BE94221E4042EA0025065E /* BuDeJieTests */ = {
			isa = PBXGroup;
			children = (
				B8BE94231E4042EA0025065E /* BuDeJieTests.m */,
				B8BE94251E4042EA0025065E /* Info.plist */,
			);
			path = BuDeJieTests;
			sourceTree = "<group>";
		};
		B8BE942D1E4042EA0025065E /* BuDeJieUITests */ = {
			isa = PBXGroup;
			children = (
				B8BE942E1E4042EA0025065E /* BuDeJieUITests.m */,
				B8BE94301E4042EA0025065E /* Info.plist */,
			);
			path = BuDeJieUITests;
			sourceTree = "<group>";
		};
		B8FFD3A81E407D9B00774227 /* Classes */ = {
			isa = PBXGroup;
			children = (
				B84C6B751E4F1B3A0006ECA3 /* Tool */,
				B8A67D001E42C94700E4A708 /* Ad(广告) */,
				B888C0671E421BEE00FFEFF0 /* Setting(设置) */,
				B888C0531E4187D500FFEFF0 /* Main(主要) */,
				B8FFD3A91E407D9B00774227 /* Essence(精华) */,
				B8FFD3B51E407D9B00774227 /* New(新帖) */,
				B8FFD3BF1E407D9B00774227 /* Publish(发布) */,
				B8FFD3AD1E407D9B00774227 /* FriendTrend(关注) */,
				B8FFD3B11E407D9B00774227 /* Me(我) */,
				B8FFD3B91E407D9B00774227 /* Other */,
			);
			path = Classes;
			sourceTree = "<group>";
		};
		B8FFD3A91E407D9B00774227 /* Essence(精华) */ = {
			isa = PBXGroup;
			children = (
				B8FFD3AA1E407D9B00774227 /* Controller */,
				B8FFD3AB1E407D9B00774227 /* Model */,
				B8FFD3AC1E407D9B00774227 /* View */,
			);
			path = "Essence(精华)";
			sourceTree = "<group>";
		};
		B8FFD3AA1E407D9B00774227 /* Controller */ = {
			isa = PBXGroup;
			children = (
				B81F84B51E4085E4002CB823 /* DLEssenceViewController.h */,
				B81F84B61E4085E4002CB823 /* DLEssenceViewController.m */,
				B8B8B8DD1E5A7579006A8EEC /* DLAllTableViewController.h */,
				B8B8B8DE1E5A7579006A8EEC /* DLAllTableViewController.m */,
				B8B8B8E01E5A7595006A8EEC /* DLVideoTableViewController.h */,
				B8B8B8E11E5A7595006A8EEC /* DLVideoTableViewController.m */,
				B8B8B8E31E5A75A7006A8EEC /* DLVoiceTableViewController.h */,
				B8B8B8E41E5A75A7006A8EEC /* DLVoiceTableViewController.m */,
				B8B8B8E61E5A75B6006A8EEC /* DLPictureTableViewController.h */,
				B8B8B8E71E5A75B6006A8EEC /* DLPictureTableViewController.m */,
				B8B8B8E91E5A75C4006A8EEC /* DLWordTableViewController.h */,
				B8B8B8EA1E5A75C4006A8EEC /* DLWordTableViewController.m */,
				B8E58E611E5ECA1900EA5888 /* DLSeeBigPictureViewController.h */,
				B8E58E621E5ECA1900EA5888 /* DLSeeBigPictureViewController.m */,
				B8E58E631E5ECA1900EA5888 /* DLSeeBigPictureViewController.xib */,
			);
			path = Controller;
			sourceTree = "<group>";
		};
		B8FFD3AB1E407D9B00774227 /* Model */ = {
			isa = PBXGroup;
			children = (
				B87588EE1E5BCD00006CE391 /* DLTopicItem.h */,
				B87588EF1E5BCD00006CE391 /* DLTopicItem.m */,
			);
			path = Model;
			sourceTree = "<group>";
		};
		B8FFD3AC1E407D9B00774227 /* View */ = {
			isa = PBXGroup;
			children = (
				B86865821E59CC6800BAC6CB /* DLTitleButton.h */,
				B86865831E59CC6800BAC6CB /* DLTitleButton.m */,
				B87588F11E5BDC6D006CE391 /* DLTopicCell.h */,
				B87588F21E5BDC6D006CE391 /* DLTopicCell.m */,
				B875890C1E5C3058006CE391 /* DLTopicCell.xib */,
				B8E58E4F1E5E6A0400EA5888 /* DLTopicVideoView.h */,
				B8E58E501E5E6A0400EA5888 /* DLTopicVideoView.m */,
				B8E58E521E5E6A1800EA5888 /* DLTopicVideoView.xib */,
				B8E58E541E5E6AA500EA5888 /* DLTopicVoiceView.h */,
				B8E58E551E5E6AA500EA5888 /* DLTopicVoiceView.m */,
				B8E58E571E5E6AB500EA5888 /* DLTopicVoiceView.xib */,
				B8E58E591E5E6AD700EA5888 /* DLTopicPictureView.h */,
				B8E58E5A1E5E6AD700EA5888 /* DLTopicPictureView.m */,
				B8E58E5C1E5E6ADF00EA5888 /* DLTopicPictureView.xib */,
			);
			path = View;
			sourceTree = "<group>";
		};
		B8FFD3AD1E407D9B00774227 /* FriendTrend(关注) */ = {
			isa = PBXGroup;
			children = (
				B8FFD3AE1E407D9B00774227 /* Controller */,
				B8FFD3AF1E407D9B00774227 /* Model */,
				B8FFD3B01E407D9B00774227 /* View */,
			);
			path = "FriendTrend(关注)";
			sourceTree = "<group>";
		};
		B8FFD3AE1E407D9B00774227 /* Controller */ = {
			isa = PBXGroup;
			children = (
				B81F84BE1E40864B002CB823 /* DLFriendTrendViewController.h */,
				B81F84BF1E40864B002CB823 /* DLFriendTrendViewController.m */,
				B8EB9D7B1E44AFE300E23B6A /* DLFriendTrendViewController.xib */,
				B8D199A81E45C8000066EF55 /* DLLoginRegisterViewController.h */,
				B8D199A91E45C8000066EF55 /* DLLoginRegisterViewController.m */,
				B8D199AA1E45C8000066EF55 /* DLLoginRegisterViewController.xib */,
			);
			path = Controller;
			sourceTree = "<group>";
		};
		B8FFD3AF1E407D9B00774227 /* Model */ = {
			isa = PBXGroup;
			children = (
			);
			path = Model;
			sourceTree = "<group>";
		};
		B8FFD3B01E407D9B00774227 /* View */ = {
			isa = PBXGroup;
			children = (
				B8D199AD1E45CFFA0066EF55 /* DLLoginRegisterView.h */,
				B8D199AE1E45CFFA0066EF55 /* DLLoginRegisterView.m */,
				B8D199B01E45D02B0066EF55 /* DLLoginRegisterView.xib */,
				B8D199B21E45DE940066EF55 /* DLFastLoginView.h */,
				B8D199B31E45DE940066EF55 /* DLFastLoginView.m */,
				B8D199B51E45DEAC0066EF55 /* DLFastLoginView.xib */,
				B8D199B71E45E0290066EF55 /* DLFastLoginButton.h */,
				B8D199B81E45E0290066EF55 /* DLFastLoginButton.m */,
				B8D199BA1E46082F0066EF55 /* DLLoginTextField.h */,
				B8D199BB1E46082F0066EF55 /* DLLoginTextField.m */,
			);
			path = View;
			sourceTree = "<group>";
		};
		B8FFD3B11E407D9B00774227 /* Me(我) */ = {
			isa = PBXGroup;
			children = (
				B8FFD3B21E407D9B00774227 /* Controller */,
				B8FFD3B31E407D9B00774227 /* Model */,
				B8FFD3B41E407D9B00774227 /* View */,
			);
			path = "Me(我)";
			sourceTree = "<group>";
		};
		B8FFD3B21E407D9B00774227 /* Controller */ = {
			isa = PBXGroup;
			children = (
				B81F84C11E408687002CB823 /* DLMeTableViewController.h */,
				B81F84C21E408687002CB823 /* DLMeTableViewController.m */,
				B8A1869A1E46FF66005CA154 /* DLMeTableViewController.storyboard */,
				B84C6B701E4EEDED0006ECA3 /* DLWebViewController.h */,
				B84C6B711E4EEDED0006ECA3 /* DLWebViewController.m */,
				B84C6B721E4EEDED0006ECA3 /* DLWebViewController.xib */,
			);
			path = Controller;
			sourceTree = "<group>";
		};
		B8FFD3B31E407D9B00774227 /* Model */ = {
			isa = PBXGroup;
			children = (
				B8A186A11E470C87005CA154 /* DLSquareItem.h */,
				B8A186A21E470C87005CA154 /* DLSquareItem.m */,
			);
			path = Model;
			sourceTree = "<group>";
		};
		B8FFD3B41E407D9B00774227 /* View */ = {
			isa = PBXGroup;
			children = (
				B8A1869C1E47068D005CA154 /* DLSquareCollectionViewCell.h */,
				B8A1869D1E47068E005CA154 /* DLSquareCollectionViewCell.m */,
				B8A1869E1E47068E005CA154 /* DLSquareCollectionViewCell.xib */,
			);
			path = View;
			sourceTree = "<group>";
		};
		B8FFD3B51E407D9B00774227 /* New(新帖) */ = {
			isa = PBXGroup;
			children = (
				B8FFD3B61E407D9B00774227 /* Controller */,
				B8FFD3B71E407D9B00774227 /* Model */,
				B8FFD3B81E407D9B00774227 /* View */,
			);
			path = "New(新帖)";
			sourceTree = "<group>";
		};
		B8FFD3B61E407D9B00774227 /* Controller */ = {
			isa = PBXGroup;
			children = (
				B81F84B81E40860B002CB823 /* DLNewViewController.h */,
				B81F84B91E40860B002CB823 /* DLNewViewController.m */,
				B8EB9D701E448DB700E23B6A /* DLSubTagViewController.h */,
				B8EB9D711E448DB700E23B6A /* DLSubTagViewController.m */,
			);
			path = Controller;
			sourceTree = "<group>";
		};
		B8FFD3B71E407D9B00774227 /* Model */ = {
			isa = PBXGroup;
			children = (
				B8EB9D781E449E5300E23B6A /* DLSubTagItem.h */,
				B8EB9D791E449E5300E23B6A /* DLSubTagItem.m */,
			);
			path = Model;
			sourceTree = "<group>";
		};
		B8FFD3B81E407D9B00774227 /* View */ = {
			isa = PBXGroup;
			children = (
				B8EB9D731E448F0800E23B6A /* DLSubTagCell.h */,
				B8EB9D741E448F0800E23B6A /* DLSubTagCell.m */,
				B8EB9D751E448F0800E23B6A /* DLSubTagCell.xib */,
			);
			path = View;
			sourceTree = "<group>";
		};
		B8FFD3B91E407D9B00774227 /* Other */ = {
			isa = PBXGroup;
			children = (
				B888C04F1E4183C800FFEFF0 /* Category */,
				B8FFD3BA1E407D9B00774227 /* AppDelegate.h */,
				B8FFD3BB1E407D9B00774227 /* AppDelegate.m */,
				B8FFD3BC1E407D9B00774227 /* main.m */,
				B888C05D1E42035D00FFEFF0 /* BuDeJie.pch */,
				B8B8B8EC1E5A7BB8006A8EEC /* DLConst.h */,
				B8B8B8ED1E5A7BB8006A8EEC /* DLConst.m */,
			);
			path = Other;
			sourceTree = "<group>";
		};
		B8FFD3BF1E407D9B00774227 /* Publish(发布) */ = {
			isa = PBXGroup;
			children = (
				B8FFD3C01E407D9B00774227 /* Controller */,
				B8FFD3C11E407D9B00774227 /* Model */,
				B8FFD3C21E407D9B00774227 /* View */,
			);
			path = "Publish(发布)";
			sourceTree = "<group>";
		};
		B8FFD3C01E407D9B00774227 /* Controller */ = {
			isa = PBXGroup;
			children = (
				B81F84BB1E408627002CB823 /* DLPublishViewController.h */,
				B81F84BC1E408627002CB823 /* DLPublishViewController.m */,
			);
			path = Controller;
			sourceTree = "<group>";
		};
		B8FFD3C11E407D9B00774227 /* Model */ = {
			isa = PBXGroup;
			children = (
			);
			path = Model;
			sourceTree = "<group>";
		};
		B8FFD3C21E407D9B00774227 /* View */ = {
			isa = PBXGroup;
			children = (
			);
			path = View;
			sourceTree = "<group>";
		};
		D43DED1F536FBCCC99B30425 /* Frameworks */ = {
			isa = PBXGroup;
			children = (
				D73154C7FBBFCE7CC1160111 /* libPods-BuDeJie.a */,
			);
			name = Frameworks;
			sourceTree = "<group>";
		};
/* End PBXGroup section */

/* Begin PBXNativeTarget section */
		B8BE94051E4042EA0025065E /* BuDeJie */ = {
			isa = PBXNativeTarget;
			buildConfigurationList = B8BE94331E4042EA0025065E /* Build configuration list for PBXNativeTarget "BuDeJie" */;
			buildPhases = (
				480D1E118C902112C04B050E /* [CP] Check Pods Manifest.lock */,
				B8BE94021E4042EA0025065E /* Sources */,
				B8BE94031E4042EA0025065E /* Frameworks */,
				B8BE94041E4042EA0025065E /* Resources */,
				3EA5B9C4036363A6EF8C2D90 /* [CP] Embed Pods Frameworks */,
				65AF5196716CFF55D23B291A /* [CP] Copy Pods Resources */,
			);
			buildRules = (
			);
			dependencies = (
			);
			name = BuDeJie;
			productName = BuDeJie;
			productReference = B8BE94061E4042EA0025065E /* BuDeJie.app */;
			productType = "com.apple.product-type.application";
		};
		B8BE941E1E4042EA0025065E /* BuDeJieTests */ = {
			isa = PBXNativeTarget;
			buildConfigurationList = B8BE94361E4042EA0025065E /* Build configuration list for PBXNativeTarget "BuDeJieTests" */;
			buildPhases = (
				B8BE941B1E4042EA0025065E /* Sources */,
				B8BE941C1E4042EA0025065E /* Frameworks */,
				B8BE941D1E4042EA0025065E /* Resources */,
			);
			buildRules = (
			);
			dependencies = (
				B8BE94211E4042EA0025065E /* PBXTargetDependency */,
			);
			name = BuDeJieTests;
			productName = BuDeJieTests;
			productReference = B8BE941F1E4042EA0025065E /* BuDeJieTests.xctest */;
			productType = "com.apple.product-type.bundle.unit-test";
		};
		B8BE94291E4042EA0025065E /* BuDeJieUITests */ = {
			isa = PBXNativeTarget;
			buildConfigurationList = B8BE94391E4042EA0025065E /* Build configuration list for PBXNativeTarget "BuDeJieUITests" */;
			buildPhases = (
				B8BE94261E4042EA0025065E /* Sources */,
				B8BE94271E4042EA0025065E /* Frameworks */,
				B8BE94281E4042EA0025065E /* Resources */,
			);
			buildRules = (
			);
			dependencies = (
				B8BE942C1E4042EA0025065E /* PBXTargetDependency */,
			);
			name = BuDeJieUITests;
			productName = BuDeJieUITests;
			productReference = B8BE942A1E4042EA0025065E /* BuDeJieUITests.xctest */;
			productType = "com.apple.product-type.bundle.ui-testing";
		};
/* End PBXNativeTarget section */

/* Begin PBXProject section */
		B8BE93FE1E4042EA0025065E /* Project object */ = {
			isa = PBXProject;
			attributes = {
				CLASSPREFIX = DL;
				LastUpgradeCheck = 0820;
				ORGANIZATIONNAME = Lenny;
				TargetAttributes = {
					B8BE94051E4042EA0025065E = {
						CreatedOnToolsVersion = 8.2.1;
						DevelopmentTeam = 9XH7J5M48N;
						ProvisioningStyle = Automatic;
					};
					B8BE941E1E4042EA0025065E = {
						CreatedOnToolsVersion = 8.2.1;
						DevelopmentTeam = 9XH7J5M48N;
						ProvisioningStyle = Automatic;
						TestTargetID = B8BE94051E4042EA0025065E;
					};
					B8BE94291E4042EA0025065E = {
						CreatedOnToolsVersion = 8.2.1;
						DevelopmentTeam = 9XH7J5M48N;
						ProvisioningStyle = Automatic;
						TestTargetID = B8BE94051E4042EA0025065E;
					};
				};
			};
			buildConfigurationList = B8BE94011E4042EA0025065E /* Build configuration list for PBXProject "BuDeJie" */;
			compatibilityVersion = "Xcode 3.2";
			developmentRegion = English;
			hasScannedForEncodings = 0;
			knownRegions = (
				en,
				Base,
			);
			mainGroup = B8BE93FD1E4042EA0025065E;
			productRefGroup = B8BE94071E4042EA0025065E /* Products */;
			projectDirPath = "";
			projectRoot = "";
			targets = (
				B8BE94051E4042EA0025065E /* BuDeJie */,
				B8BE941E1E4042EA0025065E /* BuDeJieTests */,
				B8BE94291E4042EA0025065E /* BuDeJieUITests */,
			);
		};
/* End PBXProject section */

/* Begin PBXResourcesBuildPhase section */
		B8BE94041E4042EA0025065E /* Resources */ = {
			isa = PBXResourcesBuildPhase;
			buildActionMask = 2147483647;
			files = (
				B8D199B61E45DEAC0066EF55 /* DLFastLoginView.xib in Resources */,
				B8EB9D7C1E44AFE300E23B6A /* DLFriendTrendViewController.xib in Resources */,
				B8BE94191E4042EA0025065E /* LaunchScreen.storyboard in Resources */,
				B8E58E5D1E5E6AE000EA5888 /* DLTopicPictureView.xib in Resources */,
				B8D199AC1E45C8000066EF55 /* DLLoginRegisterViewController.xib in Resources */,
				B8EB9D771E448F0800E23B6A /* DLSubTagCell.xib in Resources */,
				B8A67D101E42D15A00E4A708 /* LaunchImage-700-568h@2x.png in Resources */,
				B8D199B11E45D02B0066EF55 /* DLLoginRegisterView.xib in Resources */,
				B8A67D141E42D15A00E4A708 /* LaunchImage.png in Resources */,
				B8BE94161E4042EA0025065E /* Assets.xcassets in Resources */,
				B8A67D111E42D15A00E4A708 /* LaunchImage-700@2x.png in Resources */,
				B875890D1E5C3058006CE391 /* DLTopicCell.xib in Resources */,
				B8E58E581E5E6AB500EA5888 /* DLTopicVoiceView.xib in Resources */,
				B8A1869B1E46FF66005CA154 /* DLMeTableViewController.storyboard in Resources */,
				B84C6B741E4EEDED0006ECA3 /* DLWebViewController.xib in Resources */,
				B8A67D131E42D15A00E4A708 /* LaunchImage-800-Portrait-736h@3x.png in Resources */,
				B8E58E531E5E6A1800EA5888 /* DLTopicVideoView.xib in Resources */,
				B8E58E651E5ECA1900EA5888 /* DLSeeBigPictureViewController.xib in Resources */,
				B8A67D0F1E42D15A00E4A708 /* LaunchImage-568h@2x.png in Resources */,
				B8A67D121E42D15A00E4A708 /* LaunchImage-800-667h@2x.png in Resources */,
				B8BE94141E4042EA0025065E /* Main.storyboard in Resources */,
				B8A186A01E47068E005CA154 /* DLSquareCollectionViewCell.xib in Resources */,
				B8A67D151E42D15A00E4A708 /* LaunchImage@2x.png in Resources */,
			);
			runOnlyForDeploymentPostprocessing = 0;
		};
		B8BE941D1E4042EA0025065E /* Resources */ = {
			isa = PBXResourcesBuildPhase;
			buildActionMask = 2147483647;
			files = (
			);
			runOnlyForDeploymentPostprocessing = 0;
		};
		B8BE94281E4042EA0025065E /* Resources */ = {
			isa = PBXResourcesBuildPhase;
			buildActionMask = 2147483647;
			files = (
			);
			runOnlyForDeploymentPostprocessing = 0;
		};
/* End PBXResourcesBuildPhase section */

/* Begin PBXShellScriptBuildPhase section */
		3EA5B9C4036363A6EF8C2D90 /* [CP] Embed Pods Frameworks */ = {
			isa = PBXShellScriptBuildPhase;
			buildActionMask = 2147483647;
			files = (
			);
			inputPaths = (
			);
			name = "[CP] Embed Pods Frameworks";
			outputPaths = (
			);
			runOnlyForDeploymentPostprocessing = 0;
			shellPath = /bin/sh;
			shellScript = "\"${SRCROOT}/Pods/Target Support Files/Pods-BuDeJie/Pods-BuDeJie-frameworks.sh\"\n";
			showEnvVarsInLog = 0;
		};
		480D1E118C902112C04B050E /* [CP] Check Pods Manifest.lock */ = {
			isa = PBXShellScriptBuildPhase;
			buildActionMask = 2147483647;
			files = (
			);
			inputPaths = (
			);
			name = "[CP] Check Pods Manifest.lock";
			outputPaths = (
			);
			runOnlyForDeploymentPostprocessing = 0;
			shellPath = /bin/sh;
			shellScript = "diff \"${PODS_ROOT}/../Podfile.lock\" \"${PODS_ROOT}/Manifest.lock\" > /dev/null\nif [ $? != 0 ] ; then\n    # print error to STDERR\n    echo \"error: The sandbox is not in sync with the Podfile.lock. Run 'pod install' or update your CocoaPods installation.\" >&2\n    exit 1\nfi\n";
			showEnvVarsInLog = 0;
		};
		65AF5196716CFF55D23B291A /* [CP] Copy Pods Resources */ = {
			isa = PBXShellScriptBuildPhase;
			buildActionMask = 2147483647;
			files = (
			);
			inputPaths = (
			);
			name = "[CP] Copy Pods Resources";
			outputPaths = (
			);
			runOnlyForDeploymentPostprocessing = 0;
			shellPath = /bin/sh;
			shellScript = "\"${SRCROOT}/Pods/Target Support Files/Pods-BuDeJie/Pods-BuDeJie-resources.sh\"\n";
			showEnvVarsInLog = 0;
		};
/* End PBXShellScriptBuildPhase section */

/* Begin PBXSourcesBuildPhase section */
		B8BE94021E4042EA0025065E /* Sources */ = {
			isa = PBXSourcesBuildPhase;
			buildActionMask = 2147483647;
			files = (
				B84C6B731E4EEDED0006ECA3 /* DLWebViewController.m in Sources */,
				B8A1869F1E47068E005CA154 /* DLSquareCollectionViewCell.m in Sources */,
				B8E58E511E5E6A0400EA5888 /* DLTopicVideoView.m in Sources */,
				B888C0601E4206AE00FFEFF0 /* UIView+Frame.m in Sources */,
				B8D199B91E45E0290066EF55 /* DLFastLoginButton.m in Sources */,
				B8B8B8E51E5A75A7006A8EEC /* DLVoiceTableViewController.m in Sources */,
				B86865841E59CC6800BAC6CB /* DLTitleButton.m in Sources */,
				B8A186A31E470C87005CA154 /* DLSquareItem.m in Sources */,
				B81F84B71E4085E4002CB823 /* DLEssenceViewController.m in Sources */,
				B8D199BC1E46082F0066EF55 /* DLLoginTextField.m in Sources */,
				B8A67D061E42C99E00E4A708 /* DLAdViewController.m in Sources */,
				B888C0661E4218EB00FFEFF0 /* DLNavigationController.m in Sources */,
				B8D199AF1E45CFFA0066EF55 /* DLLoginRegisterView.m in Sources */,
				B8B8B8DF1E5A7579006A8EEC /* DLAllTableViewController.m in Sources */,
				B8B8B8EE1E5A7BB8006A8EEC /* DLConst.m in Sources */,
				B888C06D1E421C4500FFEFF0 /* DLSettingViewController.m in Sources */,
				B81F84BD1E408627002CB823 /* DLPublishViewController.m in Sources */,
				B8D199B41E45DE940066EF55 /* DLFastLoginView.m in Sources */,
				B8B8B8E81E5A75B6006A8EEC /* DLPictureTableViewController.m in Sources */,
				B888C0521E4183F100FFEFF0 /* UIImage+Image.m in Sources */,
				B888C05C1E41F6F200FFEFF0 /* DLTabBar.m in Sources */,
				B8FFD3C41E407D9B00774227 /* main.m in Sources */,
				B888C0631E4211CD00FFEFF0 /* UIBarButtonItem+Item.m in Sources */,
				B87588F01E5BCD00006CE391 /* DLTopicItem.m in Sources */,
				B81F84C01E40864B002CB823 /* DLFriendTrendViewController.m in Sources */,
				B81F84C31E408687002CB823 /* DLMeTableViewController.m in Sources */,
				B81F84BA1E40860B002CB823 /* DLNewViewController.m in Sources */,
				B8EB9D721E448DB700E23B6A /* DLSubTagViewController.m in Sources */,
				B8FFD3C31E407D9B00774227 /* AppDelegate.m in Sources */,
				B8E58E5B1E5E6AD700EA5888 /* DLTopicPictureView.m in Sources */,
				B8EB9D761E448F0800E23B6A /* DLSubTagCell.m in Sources */,
				B87588F31E5BDC6D006CE391 /* DLTopicCell.m in Sources */,
				B888C0591E41882800FFEFF0 /* DLTabBarController.m in Sources */,
				B8E58E561E5E6AA500EA5888 /* DLTopicVoiceView.m in Sources */,
				B8D199AB1E45C8000066EF55 /* DLLoginRegisterViewController.m in Sources */,
				B84C6B791E4F1B500006ECA3 /* DLFileTool.m in Sources */,
				B8E58E601E5E877100EA5888 /* UIImageView+Download.m in Sources */,
				B8EB9D7A1E449E5300E23B6A /* DLSubTagItem.m in Sources */,
				B8B8B8EB1E5A75C4006A8EEC /* DLWordTableViewController.m in Sources */,
				B8C10D781E42EA750098C577 /* DLAdItem.m in Sources */,
				B8E58E641E5ECA1900EA5888 /* DLSeeBigPictureViewController.m in Sources */,
				B8B8B8E21E5A7595006A8EEC /* DLVideoTableViewController.m in Sources */,
			);
			runOnlyForDeploymentPostprocessing = 0;
		};
		B8BE941B1E4042EA0025065E /* Sources */ = {
			isa = PBXSourcesBuildPhase;
			buildActionMask = 2147483647;
			files = (
				B8BE94241E4042EA0025065E /* BuDeJieTests.m in Sources */,
			);
			runOnlyForDeploymentPostprocessing = 0;
		};
		B8BE94261E4042EA0025065E /* Sources */ = {
			isa = PBXSourcesBuildPhase;
			buildActionMask = 2147483647;
			files = (
				B8BE942F1E4042EA0025065E /* BuDeJieUITests.m in Sources */,
			);
			runOnlyForDeploymentPostprocessing = 0;
		};
/* End PBXSourcesBuildPhase section */

/* Begin PBXTargetDependency section */
		B8BE94211E4042EA0025065E /* PBXTargetDependency */ = {
			isa = PBXTargetDependency;
			target = B8BE94051E4042EA0025065E /* BuDeJie */;
			targetProxy = B8BE94201E4042EA0025065E /* PBXContainerItemProxy */;
		};
		B8BE942C1E4042EA0025065E /* PBXTargetDependency */ = {
			isa = PBXTargetDependency;
			target = B8BE94051E4042EA0025065E /* BuDeJie */;
			targetProxy = B8BE942B1E4042EA0025065E /* PBXContainerItemProxy */;
		};
/* End PBXTargetDependency section */

/* Begin PBXVariantGroup section */
		B8BE94121E4042EA0025065E /* Main.storyboard */ = {
			isa = PBXVariantGroup;
			children = (
				B8BE94131E4042EA0025065E /* Base */,
			);
			name = Main.storyboard;
			sourceTree = "<group>";
		};
		B8BE94171E4042EA0025065E /* LaunchScreen.storyboard */ = {
			isa = PBXVariantGroup;
			children = (
				B8BE94181E4042EA0025065E /* Base */,
			);
			name = LaunchScreen.storyboard;
			sourceTree = "<group>";
		};
/* End PBXVariantGroup section */

/* Begin XCBuildConfiguration section */
		B8BE94311E4042EA0025065E /* Debug */ = {
			isa = XCBuildConfiguration;
			buildSettings = {
				ALWAYS_SEARCH_USER_PATHS = NO;
				CLANG_ANALYZER_NONNULL = YES;
				CLANG_CXX_LANGUAGE_STANDARD = "gnu++0x";
				CLANG_CXX_LIBRARY = "libc++";
				CLANG_ENABLE_MODULES = YES;
				CLANG_ENABLE_OBJC_ARC = YES;
				CLANG_WARN_BOOL_CONVERSION = YES;
				CLANG_WARN_CONSTANT_CONVERSION = YES;
				CLANG_WARN_DIRECT_OBJC_ISA_USAGE = YES_ERROR;
				CLANG_WARN_DOCUMENTATION_COMMENTS = YES;
				CLANG_WARN_EMPTY_BODY = YES;
				CLANG_WARN_ENUM_CONVERSION = YES;
				CLANG_WARN_INFINITE_RECURSION = YES;
				CLANG_WARN_INT_CONVERSION = YES;
				CLANG_WARN_OBJC_ROOT_CLASS = YES_ERROR;
				CLANG_WARN_SUSPICIOUS_MOVE = YES;
				CLANG_WARN_UNREACHABLE_CODE = YES;
				CLANG_WARN__DUPLICATE_METHOD_MATCH = YES;
				"CODE_SIGN_IDENTITY[sdk=iphoneos*]" = "iPhone Developer";
				COPY_PHASE_STRIP = NO;
				DEBUG_INFORMATION_FORMAT = dwarf;
				ENABLE_STRICT_OBJC_MSGSEND = YES;
				ENABLE_TESTABILITY = YES;
				GCC_C_LANGUAGE_STANDARD = gnu99;
				GCC_DYNAMIC_NO_PIC = NO;
				GCC_NO_COMMON_BLOCKS = YES;
				GCC_OPTIMIZATION_LEVEL = 0;
				GCC_PREPROCESSOR_DEFINITIONS = (
					"DEBUG=1",
					"$(inherited)",
				);
				GCC_WARN_64_TO_32_BIT_CONVERSION = YES;
				GCC_WARN_ABOUT_RETURN_TYPE = YES_ERROR;
				GCC_WARN_UNDECLARED_SELECTOR = YES;
				GCC_WARN_UNINITIALIZED_AUTOS = YES_AGGRESSIVE;
				GCC_WARN_UNUSED_FUNCTION = YES;
				GCC_WARN_UNUSED_VARIABLE = YES;
				IPHONEOS_DEPLOYMENT_TARGET = 10.2;
				MTL_ENABLE_DEBUG_INFO = YES;
				ONLY_ACTIVE_ARCH = YES;
				SDKROOT = iphoneos;
			};
			name = Debug;
		};
		B8BE94321E4042EA0025065E /* Release */ = {
			isa = XCBuildConfiguration;
			buildSettings = {
				ALWAYS_SEARCH_USER_PATHS = NO;
				CLANG_ANALYZER_NONNULL = YES;
				CLANG_CXX_LANGUAGE_STANDARD = "gnu++0x";
				CLANG_CXX_LIBRARY = "libc++";
				CLANG_ENABLE_MODULES = YES;
				CLANG_ENABLE_OBJC_ARC = YES;
				CLANG_WARN_BOOL_CONVERSION = YES;
				CLANG_WARN_CONSTANT_CONVERSION = YES;
				CLANG_WARN_DIRECT_OBJC_ISA_USAGE = YES_ERROR;
				CLANG_WARN_DOCUMENTATION_COMMENTS = YES;
				CLANG_WARN_EMPTY_BODY = YES;
				CLANG_WARN_ENUM_CONVERSION = YES;
				CLANG_WARN_INFINITE_RECURSION = YES;
				CLANG_WARN_INT_CONVERSION = YES;
				CLANG_WARN_OBJC_ROOT_CLASS = YES_ERROR;
				CLANG_WARN_SUSPICIOUS_MOVE = YES;
				CLANG_WARN_UNREACHABLE_CODE = YES;
				CLANG_WARN__DUPLICATE_METHOD_MATCH = YES;
				"CODE_SIGN_IDENTITY[sdk=iphoneos*]" = "iPhone Developer";
				COPY_PHASE_STRIP = NO;
				DEBUG_INFORMATION_FORMAT = "dwarf-with-dsym";
				ENABLE_NS_ASSERTIONS = NO;
				ENABLE_STRICT_OBJC_MSGSEND = YES;
				GCC_C_LANGUAGE_STANDARD = gnu99;
				GCC_NO_COMMON_BLOCKS = YES;
				GCC_WARN_64_TO_32_BIT_CONVERSION = YES;
				GCC_WARN_ABOUT_RETURN_TYPE = YES_ERROR;
				GCC_WARN_UNDECLARED_SELECTOR = YES;
				GCC_WARN_UNINITIALIZED_AUTOS = YES_AGGRESSIVE;
				GCC_WARN_UNUSED_FUNCTION = YES;
				GCC_WARN_UNUSED_VARIABLE = YES;
				IPHONEOS_DEPLOYMENT_TARGET = 10.2;
				MTL_ENABLE_DEBUG_INFO = NO;
				SDKROOT = iphoneos;
				VALIDATE_PRODUCT = YES;
			};
			name = Release;
		};
		B8BE94341E4042EA0025065E /* Debug */ = {
			isa = XCBuildConfiguration;
			baseConfigurationReference = ADA4D24D1854D44CBF0A24DA /* Pods-BuDeJie.debug.xcconfig */;
			buildSettings = {
				ASSETCATALOG_COMPILER_APPICON_NAME = AppIcon;
				DEVELOPMENT_TEAM = 9XH7J5M48N;
				GCC_PREFIX_HEADER = BuDeJie/Classes/Other/BuDeJie.pch;
				INFOPLIST_FILE = BuDeJie/Info.plist;
				IPHONEOS_DEPLOYMENT_TARGET = 9.0;
				LD_RUNPATH_SEARCH_PATHS = "$(inherited) @executable_path/Frameworks";
				PRODUCT_BUNDLE_IDENTIFIER = com.lenny.BuDeJie;
				PRODUCT_NAME = "$(TARGET_NAME)";
			};
			name = Debug;
		};
		B8BE94351E4042EA0025065E /* Release */ = {
			isa = XCBuildConfiguration;
			baseConfigurationReference = CF7CE131E78EE7A11B3ACFA2 /* Pods-BuDeJie.release.xcconfig */;
			buildSettings = {
				ASSETCATALOG_COMPILER_APPICON_NAME = AppIcon;
				DEVELOPMENT_TEAM = 9XH7J5M48N;
				GCC_PREFIX_HEADER = BuDeJie/Classes/Other/BuDeJie.pch;
				INFOPLIST_FILE = BuDeJie/Info.plist;
				IPHONEOS_DEPLOYMENT_TARGET = 9.0;
				LD_RUNPATH_SEARCH_PATHS = "$(inherited) @executable_path/Frameworks";
				PRODUCT_BUNDLE_IDENTIFIER = com.lenny.BuDeJie;
				PRODUCT_NAME = "$(TARGET_NAME)";
			};
			name = Release;
		};
		B8BE94371E4042EA0025065E /* Debug */ = {
			isa = XCBuildConfiguration;
			buildSettings = {
				BUNDLE_LOADER = "$(TEST_HOST)";
				DEVELOPMENT_TEAM = 9XH7J5M48N;
				INFOPLIST_FILE = BuDeJieTests/Info.plist;
				LD_RUNPATH_SEARCH_PATHS = "$(inherited) @executable_path/Frameworks @loader_path/Frameworks";
				PRODUCT_BUNDLE_IDENTIFIER = com.lenny.BuDeJieTests;
				PRODUCT_NAME = "$(TARGET_NAME)";
				TEST_HOST = "$(BUILT_PRODUCTS_DIR)/BuDeJie.app/BuDeJie";
			};
			name = Debug;
		};
		B8BE94381E4042EA0025065E /* Release */ = {
			isa = XCBuildConfiguration;
			buildSettings = {
				BUNDLE_LOADER = "$(TEST_HOST)";
				DEVELOPMENT_TEAM = 9XH7J5M48N;
				INFOPLIST_FILE = BuDeJieTests/Info.plist;
				LD_RUNPATH_SEARCH_PATHS = "$(inherited) @executable_path/Frameworks @loader_path/Frameworks";
				PRODUCT_BUNDLE_IDENTIFIER = com.lenny.BuDeJieTests;
				PRODUCT_NAME = "$(TARGET_NAME)";
				TEST_HOST = "$(BUILT_PRODUCTS_DIR)/BuDeJie.app/BuDeJie";
			};
			name = Release;
		};
		B8BE943A1E4042EA0025065E /* Debug */ = {
			isa = XCBuildConfiguration;
			buildSettings = {
				DEVELOPMENT_TEAM = 9XH7J5M48N;
				INFOPLIST_FILE = BuDeJieUITests/Info.plist;
				LD_RUNPATH_SEARCH_PATHS = "$(inherited) @executable_path/Frameworks @loader_path/Frameworks";
				PRODUCT_BUNDLE_IDENTIFIER = com.lenny.BuDeJieUITests;
				PRODUCT_NAME = "$(TARGET_NAME)";
				TEST_TARGET_NAME = BuDeJie;
			};
			name = Debug;
		};
		B8BE943B1E4042EA0025065E /* Release */ = {
			isa = XCBuildConfiguration;
			buildSettings = {
				DEVELOPMENT_TEAM = 9XH7J5M48N;
				INFOPLIST_FILE = BuDeJieUITests/Info.plist;
				LD_RUNPATH_SEARCH_PATHS = "$(inherited) @executable_path/Frameworks @loader_path/Frameworks";
				PRODUCT_BUNDLE_IDENTIFIER = com.lenny.BuDeJieUITests;
				PRODUCT_NAME = "$(TARGET_NAME)";
				TEST_TARGET_NAME = BuDeJie;
			};
			name = Release;
		};
/* End XCBuildConfiguration section */

/* Begin XCConfigurationList section */
		B8BE94011E4042EA0025065E /* Build configuration list for PBXProject "BuDeJie" */ = {
			isa = XCConfigurationList;
			buildConfigurations = (
				B8BE94311E4042EA0025065E /* Debug */,
				B8BE94321E4042EA0025065E /* Release */,
			);
			defaultConfigurationIsVisible = 0;
			defaultConfigurationName = Release;
		};
		B8BE94331E4042EA0025065E /* Build configuration list for PBXNativeTarget "BuDeJie" */ = {
			isa = XCConfigurationList;
			buildConfigurations = (
				B8BE94341E4042EA0025065E /* Debug */,
				B8BE94351E4042EA0025065E /* Release */,
			);
			defaultConfigurationIsVisible = 0;
			defaultConfigurationName = Release;
		};
		B8BE94361E4042EA0025065E /* Build configuration list for PBXNativeTarget "BuDeJieTests" */ = {
			isa = XCConfigurationList;
			buildConfigurations = (
				B8BE94371E4042EA0025065E /* Debug */,
				B8BE94381E4042EA0025065E /* Release */,
			);
			defaultConfigurationIsVisible = 0;
			defaultConfigurationName = Release;
		};
		B8BE94391E4042EA0025065E /* Build configuration list for PBXNativeTarget "BuDeJieUITests" */ = {
			isa = XCConfigurationList;
			buildConfigurations = (
				B8BE943A1E4042EA0025065E /* Debug */,
				B8BE943B1E4042EA0025065E /* Release */,
			);
			defaultConfigurationIsVisible = 0;
			defaultConfigurationName = Release;
		};
/* End XCConfigurationList section */
	};
	rootObject = B8BE93FE1E4042EA0025065E /* Project object */;
}
